
Microsoft Visual Studio Solution File, Format Version 12.00
# Visual Studio 15
VisualStudioVersion = 15.0.28010.2046
MinimumVisualStudioVersion = 10.0.40219.1
Project("{FAE04EC0-301F-11D3-BF4B-00C04F79EFBC}") = "FunWithLinqExpressions", "FunWithLinqExpressions\FunWithLinqExpressions.csproj", "{38939A5C-9B75-4B01-8D5F-2C749F054564}"
EndProject
Global
	GlobalSection(SolutionConfigurationPlatforms) = preSolution
		Debug|Any CPU = Debug|Any CPU
		Release|Any CPU = Release|Any CPU
	EndGlobalSection
	GlobalSection(ProjectConfigurationPlatforms) = postSolution
		{38939A5C-9B75-4B01-8D5F-2C749F054564}.Debug|Any CPU.ActiveCfg = Debug|Any CPU
		{38939A5C-9B75-4B01-8D5F-2C749F054564}.Debug|Any CPU.Build.0 = Debug|Any CPU
		{38939A5C-9B75-4B01-8D5F-2C749F054564}.Release|Any CPU.ActiveCfg = Release|Any CPU
		{38939A5C-9B75-4B01-8D5F-2C749F054564}.Release|Any CPU.Build.0 = Release|Any CPU
	EndGlobalSection
	GlobalSection(SolutionProperties) = preSolution
		HideSolutionNode = FALSE
	EndGlobalSection
	GlobalSection(ExtensibilityGlobals) = postSolution
		SolutionGuid = {8666E167-E263-4A4E-9092-CE280E8CC19E}
	EndGlobalSection
EndGlobal
