
Microsoft Visual Studio Solution File, Format Version 12.00
# Visual Studio 15
VisualStudioVersion = 15.0.28307.421
MinimumVisualStudioVersion = 10.0.40219.1
Project("{FAE04EC0-301F-11D3-BF4B-00C04F79EFBC}") = "ComparableCar", "ComparableCar\ComparableCar.csproj", "{70961E90-D93B-4351-B9B5-B8748277A754}"
EndProject
Global
	GlobalSection(SolutionConfigurationPlatforms) = preSolution
		Debug|Any CPU = Debug|Any CPU
		Release|Any CPU = Release|Any CPU
	EndGlobalSection
	GlobalSection(ProjectConfigurationPlatforms) = postSolution
		{70961E90-D93B-4351-B9B5-B8748277A754}.Debug|Any CPU.ActiveCfg = Debug|Any CPU
		{70961E90-D93B-4351-B9B5-B8748277A754}.Debug|Any CPU.Build.0 = Debug|Any CPU
		{70961E90-D93B-4351-B9B5-B8748277A754}.Release|Any CPU.ActiveCfg = Release|Any CPU
		{70961E90-D93B-4351-B9B5-B8748277A754}.Release|Any CPU.Build.0 = Release|Any CPU
	EndGlobalSection
	GlobalSection(SolutionProperties) = preSolution
		HideSolutionNode = FALSE
	EndGlobalSection
	GlobalSection(ExtensibilityGlobals) = postSolution
		SolutionGuid = {EF311B25-DA76-4388-8884-6161BD7C2F0F}
	EndGlobalSection
EndGlobal
