
Microsoft Visual Studio Solution File, Format Version 12.00
# Visual Studio 15
VisualStudioVersion = 15.0.28307.102
MinimumVisualStudioVersion = 10.0.40219.1
Project("{FAE04EC0-301F-11D3-BF4B-00C04F79EFBC}") = "ActionAndFuncDelegates", "ActionAndFuncDelegates\ActionAndFuncDelegates.csproj", "{F7DE9331-D6F6-4BFA-A492-62954B88C13C}"
EndProject
Global
	GlobalSection(SolutionConfigurationPlatforms) = preSolution
		Debug|Any CPU = Debug|Any CPU
		Release|Any CPU = Release|Any CPU
	EndGlobalSection
	GlobalSection(ProjectConfigurationPlatforms) = postSolution
		{F7DE9331-D6F6-4BFA-A492-62954B88C13C}.Debug|Any CPU.ActiveCfg = Debug|Any CPU
		{F7DE9331-D6F6-4BFA-A492-62954B88C13C}.Debug|Any CPU.Build.0 = Debug|Any CPU
		{F7DE9331-D6F6-4BFA-A492-62954B88C13C}.Release|Any CPU.ActiveCfg = Release|Any CPU
		{F7DE9331-D6F6-4BFA-A492-62954B88C13C}.Release|Any CPU.Build.0 = Release|Any CPU
	EndGlobalSection
	GlobalSection(SolutionProperties) = preSolution
		HideSolutionNode = FALSE
	EndGlobalSection
	GlobalSection(ExtensibilityGlobals) = postSolution
		SolutionGuid = {AB2B750D-B997-4055-9C77-9BE88B5BCC43}
	EndGlobalSection
EndGlobal
