
Microsoft Visual Studio Solution File, Format Version 12.00
# Visual Studio 15
VisualStudioVersion = 15.0.28010.2046
MinimumVisualStudioVersion = 10.0.40219.1
Project("{FAE04EC0-301F-11D3-BF4B-00C04F79EFBC}") = "LinqRetValues", "LinqRetValues\LinqRetValues.csproj", "{30744EAA-433B-456C-B7BB-D46517D83B5E}"
EndProject
Global
	GlobalSection(SolutionConfigurationPlatforms) = preSolution
		Debug|Any CPU = Debug|Any CPU
		Release|Any CPU = Release|Any CPU
	EndGlobalSection
	GlobalSection(ProjectConfigurationPlatforms) = postSolution
		{30744EAA-433B-456C-B7BB-D46517D83B5E}.Debug|Any CPU.ActiveCfg = Debug|Any CPU
		{30744EAA-433B-456C-B7BB-D46517D83B5E}.Debug|Any CPU.Build.0 = Debug|Any CPU
		{30744EAA-433B-456C-B7BB-D46517D83B5E}.Release|Any CPU.ActiveCfg = Release|Any CPU
		{30744EAA-433B-456C-B7BB-D46517D83B5E}.Release|Any CPU.Build.0 = Release|Any CPU
	EndGlobalSection
	GlobalSection(SolutionProperties) = preSolution
		HideSolutionNode = FALSE
	EndGlobalSection
	GlobalSection(ExtensibilityGlobals) = postSolution
		SolutionGuid = {77C060B4-7E16-4162-8730-6BF3F833A537}
	EndGlobalSection
EndGlobal
