
Microsoft Visual Studio Solution File, Format Version 12.00
# Visual Studio 15
VisualStudioVersion = 15.0.28307.136
MinimumVisualStudioVersion = 10.0.40219.1
Project("{FAE04EC0-301F-11D3-BF4B-00C04F79EFBC}") = "ClonablePoint", "ClonablePoint\ClonablePoint.csproj", "{75D04D05-1F38-489E-9C79-5D3BC65B0543}"
EndProject
Global
	GlobalSection(SolutionConfigurationPlatforms) = preSolution
		Debug|Any CPU = Debug|Any CPU
		Release|Any CPU = Release|Any CPU
	EndGlobalSection
	GlobalSection(ProjectConfigurationPlatforms) = postSolution
		{75D04D05-1F38-489E-9C79-5D3BC65B0543}.Debug|Any CPU.ActiveCfg = Debug|Any CPU
		{75D04D05-1F38-489E-9C79-5D3BC65B0543}.Debug|Any CPU.Build.0 = Debug|Any CPU
		{75D04D05-1F38-489E-9C79-5D3BC65B0543}.Release|Any CPU.ActiveCfg = Release|Any CPU
		{75D04D05-1F38-489E-9C79-5D3BC65B0543}.Release|Any CPU.Build.0 = Release|Any CPU
	EndGlobalSection
	GlobalSection(SolutionProperties) = preSolution
		HideSolutionNode = FALSE
	EndGlobalSection
	GlobalSection(ExtensibilityGlobals) = postSolution
		SolutionGuid = {CE80A5DC-9C37-4AFE-9B0B-AC3AC0E019C4}
	EndGlobalSection
EndGlobal
